github.com/aperturerobotics/fastjson v0.1.2-0.20260705010846-94f343f5bb34 h1:F8iJTYsJtJHB7e+/Mf72RLYwZB/1VXXC2ppxPlfipXo=
github.com/aperturerobotics/fastjson v0.1.2-0.20260705010846-94f343f5bb34/go.mod h1:ArP9Q7MVDi8jMPR3ljopH5drxs/qen12Hv2L7qRcPb4=
github.com/aperturerobotics/protobuf-go-lite v0.18.0 h1:M4ylc1wvu6hjwU6bSsfgYhdxCbaBaITp0cJbFFQHgOs=
github.com/aperturerobotics/protobuf-go-lite v0.18.0/go.mod h1:3Ay/E7iaw2KWLirK3+dDdNJZHK0hu8Y1/kKeYeUa+8s=
github.com/davecgh/go-spew v1.1.1 h1:vj9j/u1bqnvCEfJOwUhtlOARqs3+rkHYY13jYWTU97c=
github.com/davecgh/go-spew v1.1.1/go.mod h1:J7Y8YcW2NihsgmVo/mv3lAwl/skON4iLHjSsI+c5H38=
github.com/pkg/errors v0.9.1 h1:FEBLx1zS214owpjy7qsBeixbURkuhQAwrK5UwLGTwt4=
github.com/pkg/errors v0.9.1/go.mod h1:bwawxfHBFNV+L2hUp1rHADufV3IMtnDRdf1r5NINEl0=
